
Microsoft Visual Studio Solution File, Format Version 12.00
# Visual Studio Version 16
VisualStudioVersion = 16.0.31129.286
MinimumVisualStudioVersion = 10.0.40219.1
Project("{FAE04EC0-301F-11D3-BF4B-00C04F79EFBC}") = "Api", "Api\Api.csproj", "{F1A1D33E-A8FD-4B82-A9BA-367496DAEF24}"
EndProject
Project("{FAE04EC0-301F-11D3-BF4B-00C04F79EFBC}") = "Common", "Common\Common.csproj", "{A1AF7CF1-D640-4A14-8AA0-E9B3ECC4632E}"
EndProject
Project("{FAE04EC0-301F-11D3-BF4B-00C04F79EFBC}") = "Data", "Data\Data.csproj", "{4FE6C62A-735A-4120-ACFF-A6F22662B380}"
EndProject
Project("{FAE04EC0-301F-11D3-BF4B-00C04F79EFBC}") = "Entities", "Entities\Entities.csproj", "{34E5A189-064D-4D80-AD29-04F50E53361D}"
EndProject
Project("{FAE04EC0-301F-11D3-BF4B-00C04F79EFBC}") = "WebFramework", "WebFramework\WebFramework.csproj", "{9692B595-3EB8-4DFA-96F9-BEB36EA3F6C3}"
EndProject
Project("{FAE04EC0-301F-11D3-BF4B-00C04F79EFBC}") = "Services", "Services\Services.csproj", "{EB2DB9FC-1619-432B-88F2-7AAD25B8F6E4}"
EndProject
Global
	GlobalSection(SolutionConfigurationPlatforms) = preSolution
		Debug|Any CPU = Debug|Any CPU
		Release|Any CPU = Release|Any CPU
	EndGlobalSection
	GlobalSection(ProjectConfigurationPlatforms) = postSolution
		{F1A1D33E-A8FD-4B82-A9BA-367496DAEF24}.Debug|Any CPU.ActiveCfg = Debug|Any CPU
		{F1A1D33E-A8FD-4B82-A9BA-367496DAEF24}.Debug|Any CPU.Build.0 = Debug|Any CPU
		{F1A1D33E-A8FD-4B82-A9BA-367496DAEF24}.Release|Any CPU.ActiveCfg = Release|Any CPU
		{F1A1D33E-A8FD-4B82-A9BA-367496DAEF24}.Release|Any CPU.Build.0 = Release|Any CPU
		{A1AF7CF1-D640-4A14-8AA0-E9B3ECC4632E}.Debug|Any CPU.ActiveCfg = Debug|Any CPU
		{A1AF7CF1-D640-4A14-8AA0-E9B3ECC4632E}.Debug|Any CPU.Build.0 = Debug|Any CPU
		{A1AF7CF1-D640-4A14-8AA0-E9B3ECC4632E}.Release|Any CPU.ActiveCfg = Release|Any CPU
		{A1AF7CF1-D640-4A14-8AA0-E9B3ECC4632E}.Release|Any CPU.Build.0 = Release|Any CPU
		{4FE6C62A-735A-4120-ACFF-A6F22662B380}.Debug|Any CPU.ActiveCfg = Debug|Any CPU
		{4FE6C62A-735A-4120-ACFF-A6F22662B380}.Debug|Any CPU.Build.0 = Debug|Any CPU
		{4FE6C62A-735A-4120-ACFF-A6F22662B380}.Release|Any CPU.ActiveCfg = Release|Any CPU
		{4FE6C62A-735A-4120-ACFF-A6F22662B380}.Release|Any CPU.Build.0 = Release|Any CPU
		{34E5A189-064D-4D80-AD29-04F50E53361D}.Debug|Any CPU.ActiveCfg = Debug|Any CPU
		{34E5A189-064D-4D80-AD29-04F50E53361D}.Debug|Any CPU.Build.0 = Debug|Any CPU
		{34E5A189-064D-4D80-AD29-04F50E53361D}.Release|Any CPU.ActiveCfg = Release|Any CPU
		{34E5A189-064D-4D80-AD29-04F50E53361D}.Release|Any CPU.Build.0 = Release|Any CPU
		{9692B595-3EB8-4DFA-96F9-BEB36EA3F6C3}.Debug|Any CPU.ActiveCfg = Debug|Any CPU
		{9692B595-3EB8-4DFA-96F9-BEB36EA3F6C3}.Debug|Any CPU.Build.0 = Debug|Any CPU
		{9692B595-3EB8-4DFA-96F9-BEB36EA3F6C3}.Release|Any CPU.ActiveCfg = Release|Any CPU
		{9692B595-3EB8-4DFA-96F9-BEB36EA3F6C3}.Release|Any CPU.Build.0 = Release|Any CPU
		{EB2DB9FC-1619-432B-88F2-7AAD25B8F6E4}.Debug|Any CPU.ActiveCfg = Debug|Any CPU
		{EB2DB9FC-1619-432B-88F2-7AAD25B8F6E4}.Debug|Any CPU.Build.0 = Debug|Any CPU
		{EB2DB9FC-1619-432B-88F2-7AAD25B8F6E4}.Release|Any CPU.ActiveCfg = Release|Any CPU
		{EB2DB9FC-1619-432B-88F2-7AAD25B8F6E4}.Release|Any CPU.Build.0 = Release|Any CPU
	EndGlobalSection
	GlobalSection(SolutionProperties) = preSolution
		HideSolutionNode = FALSE
	EndGlobalSection
	GlobalSection(ExtensibilityGlobals) = postSolution
		SolutionGuid = {896F42FF-D017-458B-A837-A45C481756A1}
	EndGlobalSection
EndGlobal
